
Microsoft Visual Studio Solution File, Format Version 12.00
# Visual Studio 2013
VisualStudioVersion = 12.0.40629.0
MinimumVisualStudioVersion = 10.0.40219.1
Project("{FAE04EC0-301F-11D3-BF4B-00C04F79EFBC}") = "1221 记事本", "1221 记事本\1221 记事本.csproj", "{BF6767C2-0EBB-4022-8D4D-201BF1292012}"
EndProject
Project("{FAE04EC0-301F-11D3-BF4B-00C04F79EFBC}") = "1221Textbox", "1221Textbox\1221Textbox.csproj", "{A3359A94-4145-469B-8CDB-C61DFDF1FAF9}"
EndProject
Project("{FAE04EC0-301F-11D3-BF4B-00C04F79EFBC}") = "1221跑马灯", "1221跑马灯\1221跑马灯.csproj", "{EF55BFE9-376B-4713-A34B-83945ED98BC5}"
EndProject
Project("{FAE04EC0-301F-11D3-BF4B-00C04F79EFBC}") = "1220DoYouLoveMe", "1220DoYouLoveMe\1220DoYouLoveMe.csproj", "{8EC83D03-259A-4F3C-B0A5-93027A602ADB}"
EndProject
Project("{FAE04EC0-301F-11D3-BF4B-00C04F79EFBC}") = "1222MDI窗体设计", "1222MDI窗体设计\1222MDI窗体设计.csproj", "{36418D18-F65C-45C2-BBD8-44261297061D}"
EndProject
Project("{FAE04EC0-301F-11D3-BF4B-00C04F79EFBC}") = "1222Picture和Timer的练习", "1222Picture和Timer的练习\1222Picture和Timer的练习.csproj", "{597C892E-A3F0-4272-8535-0336AB144BC3}"
EndProject
Project("{FAE04EC0-301F-11D3-BF4B-00C04F79EFBC}") = "1222单选和多选框", "1222单选和多选框\1222单选和多选框.csproj", "{AF2FB443-E3F3-4CB5-AF9A-FE2B8137A76E}"
EndProject
Project("{FAE04EC0-301F-11D3-BF4B-00C04F79EFBC}") = "1222图片上一张下一张", "1222图片上一张下一张\1222图片上一张下一张.csproj", "{89DA5BA9-BBAD-4010-AF0B-98B9A4D34258}"
EndProject
Project("{FAE04EC0-301F-11D3-BF4B-00C04F79EFBC}") = "Directory类", "Directory类\Directory类.csproj", "{276AE712-5F67-4E71-845C-152154F159F7}"
EndProject
Project("{FAE04EC0-301F-11D3-BF4B-00C04F79EFBC}") = "1222.浏览器控件", "1222.浏览器控件\1222.浏览器控件.csproj", "{23865F27-1AE5-4C03-A767-9F1B20345172}"
EndProject
Project("{FAE04EC0-301F-11D3-BF4B-00C04F79EFBC}") = "1222. 日期选择器", "1222. 日期选择器\1222. 日期选择器.csproj", "{45E0D0B8-DCF5-4918-80C5-700684272115}"
EndProject
Project("{FAE04EC0-301F-11D3-BF4B-00C04F79EFBC}") = "1223.listbox实现播放选中图片", "1223.listbox实现播放选中图片\1223.listbox实现播放选中图片.csproj", "{990DBE64-482C-434C-9C6D-73E96529DDB4}"
EndProject
Project("{FAE04EC0-301F-11D3-BF4B-00C04F79EFBC}") = "1224.石头剪刀布", "1224.石头剪刀布\1224.石头剪刀布.csproj", "{498F90E9-68C4-4AAF-9EE9-97CC2AD26C5D}"
EndProject
Project("{FAE04EC0-301F-11D3-BF4B-00C04F79EFBC}") = "1224.打开对话框", "1224.打开对话框\1224.打开对话框.csproj", "{36B21CEA-F4C7-4F14-AF98-D243F8DD2516}"
EndProject
Project("{FAE04EC0-301F-11D3-BF4B-00C04F79EFBC}") = "1224.保存文件对话框", "1224.保存文件对话框\1224.保存文件对话框.csproj", "{F396C040-F880-49AA-81C0-93308CD8E016}"
EndProject
Project("{FAE04EC0-301F-11D3-BF4B-00C04F79EFBC}") = "1224.字体和颜色对话框", "1224.字体和颜色对话框\1224.字体和颜色对话框.csproj", "{3D1B4B5C-EADD-4C95-916C-B1A812618B75}"
EndProject
Project("{FAE04EC0-301F-11D3-BF4B-00C04F79EFBC}") = "1224.记事本儿应用程序", "1224.记事本儿应用程序\1224.记事本儿应用程序.csproj", "{9BE87C47-D8DC-4B5A-96F5-E24F50052BC6}"
EndProject
Project("{FAE04EC0-301F-11D3-BF4B-00C04F79EFBC}") = "1224.多线程", "1224.多线程\1224.多线程.csproj", "{5EAA01FD-9D6F-4BED-85EF-7891BA4D30BA}"
EndProject
Project("{FAE04EC0-301F-11D3-BF4B-00C04F79EFBC}") = "1224. 摇奖机", "1224. 摇奖机\1224. 摇奖机.csproj", "{BA3EF7EE-E0B0-4399-8B3E-570D2D0D5BA4}"
EndProject
Project("{FAE04EC0-301F-11D3-BF4B-00C04F79EFBC}") = "1225.Server", "Server\1225.Server.csproj", "{1C1B6DE1-0411-450D-9EE5-CFFE614A0038}"
EndProject
Project("{FAE04EC0-301F-11D3-BF4B-00C04F79EFBC}") = "1225.Client", "1225.client\1225.Client.csproj", "{65E1E208-E088-4FBB-8DCA-021D24797DBF}"
EndProject
Project("{FAE04EC0-301F-11D3-BF4B-00C04F79EFBC}") = "Contact", "socket 是否连接\Contact.csproj", "{CF4E674E-D2D9-4E5B-BF3A-78ED52596752}"
EndProject
Project("{FAE04EC0-301F-11D3-BF4B-00C04F79EFBC}") = "1228GDI绘图", "GDI汇图\1228GDI绘图.csproj", "{1C141133-5640-4E56-BD07-CF6EADD84A07}"
EndProject
Project("{FAE04EC0-301F-11D3-BF4B-00C04F79EFBC}") = "1228.绘制验证码", "1228.绘制验证码\1228.绘制验证码.csproj", "{894AEB39-5F14-4F92-8465-F07FE5D929D8}"
EndProject
Project("{FAE04EC0-301F-11D3-BF4B-00C04F79EFBC}") = "1229. 单例模式", "1229. 单例模式\1229. 单例模式.csproj", "{93CD8A80-E6C7-487F-B445-5D701C3D4673}"
EndProject
Project("{FAE04EC0-301F-11D3-BF4B-00C04F79EFBC}") = "1229.创建XML文档‘", "1229.创建XML文档‘\1229.创建XML文档‘.csproj", "{2BCF4848-888B-4267-8E18-E7D378668CFF}"
EndProject
Project("{FAE04EC0-301F-11D3-BF4B-00C04F79EFBC}") = "1229.追加XML文档", "1229.追加XML文档\1229.追加XML文档.csproj", "{F4E7B526-C1C0-4BA3-81E0-4D8124C51BDA}"
EndProject
Project("{FAE04EC0-301F-11D3-BF4B-00C04F79EFBC}") = "1229.读取XML文档", "读取XML文档\1229.读取XML文档.csproj", "{DCD66D55-B64E-4B3B-A285-91BE719FD165}"
EndProject
Global
	GlobalSection(SolutionConfigurationPlatforms) = preSolution
		Debug|Any CPU = Debug|Any CPU
		Release|Any CPU = Release|Any CPU
	EndGlobalSection
	GlobalSection(ProjectConfigurationPlatforms) = postSolution
		{BF6767C2-0EBB-4022-8D4D-201BF1292012}.Debug|Any CPU.ActiveCfg = Debug|Any CPU
		{BF6767C2-0EBB-4022-8D4D-201BF1292012}.Debug|Any CPU.Build.0 = Debug|Any CPU
		{BF6767C2-0EBB-4022-8D4D-201BF1292012}.Release|Any CPU.ActiveCfg = Release|Any CPU
		{BF6767C2-0EBB-4022-8D4D-201BF1292012}.Release|Any CPU.Build.0 = Release|Any CPU
		{A3359A94-4145-469B-8CDB-C61DFDF1FAF9}.Debug|Any CPU.ActiveCfg = Debug|Any CPU
		{A3359A94-4145-469B-8CDB-C61DFDF1FAF9}.Debug|Any CPU.Build.0 = Debug|Any CPU
		{A3359A94-4145-469B-8CDB-C61DFDF1FAF9}.Release|Any CPU.ActiveCfg = Release|Any CPU
		{A3359A94-4145-469B-8CDB-C61DFDF1FAF9}.Release|Any CPU.Build.0 = Release|Any CPU
		{EF55BFE9-376B-4713-A34B-83945ED98BC5}.Debug|Any CPU.ActiveCfg = Debug|Any CPU
		{EF55BFE9-376B-4713-A34B-83945ED98BC5}.Debug|Any CPU.Build.0 = Debug|Any CPU
		{EF55BFE9-376B-4713-A34B-83945ED98BC5}.Release|Any CPU.ActiveCfg = Release|Any CPU
		{EF55BFE9-376B-4713-A34B-83945ED98BC5}.Release|Any CPU.Build.0 = Release|Any CPU
		{8EC83D03-259A-4F3C-B0A5-93027A602ADB}.Debug|Any CPU.ActiveCfg = Debug|Any CPU
		{8EC83D03-259A-4F3C-B0A5-93027A602ADB}.Debug|Any CPU.Build.0 = Debug|Any CPU
		{8EC83D03-259A-4F3C-B0A5-93027A602ADB}.Release|Any CPU.ActiveCfg = Release|Any CPU
		{8EC83D03-259A-4F3C-B0A5-93027A602ADB}.Release|Any CPU.Build.0 = Release|Any CPU
		{36418D18-F65C-45C2-BBD8-44261297061D}.Debug|Any CPU.ActiveCfg = Debug|Any CPU
		{36418D18-F65C-45C2-BBD8-44261297061D}.Debug|Any CPU.Build.0 = Debug|Any CPU
		{36418D18-F65C-45C2-BBD8-44261297061D}.Release|Any CPU.ActiveCfg = Release|Any CPU
		{36418D18-F65C-45C2-BBD8-44261297061D}.Release|Any CPU.Build.0 = Release|Any CPU
		{597C892E-A3F0-4272-8535-0336AB144BC3}.Debug|Any CPU.ActiveCfg = Debug|Any CPU
		{597C892E-A3F0-4272-8535-0336AB144BC3}.Debug|Any CPU.Build.0 = Debug|Any CPU
		{597C892E-A3F0-4272-8535-0336AB144BC3}.Release|Any CPU.ActiveCfg = Release|Any CPU
		{597C892E-A3F0-4272-8535-0336AB144BC3}.Release|Any CPU.Build.0 = Release|Any CPU
		{AF2FB443-E3F3-4CB5-AF9A-FE2B8137A76E}.Debug|Any CPU.ActiveCfg = Debug|Any CPU
		{AF2FB443-E3F3-4CB5-AF9A-FE2B8137A76E}.Debug|Any CPU.Build.0 = Debug|Any CPU
		{AF2FB443-E3F3-4CB5-AF9A-FE2B8137A76E}.Release|Any CPU.ActiveCfg = Release|Any CPU
		{AF2FB443-E3F3-4CB5-AF9A-FE2B8137A76E}.Release|Any CPU.Build.0 = Release|Any CPU
		{89DA5BA9-BBAD-4010-AF0B-98B9A4D34258}.Debug|Any CPU.ActiveCfg = Debug|Any CPU
		{89DA5BA9-BBAD-4010-AF0B-98B9A4D34258}.Debug|Any CPU.Build.0 = Debug|Any CPU
		{89DA5BA9-BBAD-4010-AF0B-98B9A4D34258}.Release|Any CPU.ActiveCfg = Release|Any CPU
		{89DA5BA9-BBAD-4010-AF0B-98B9A4D34258}.Release|Any CPU.Build.0 = Release|Any CPU
		{276AE712-5F67-4E71-845C-152154F159F7}.Debug|Any CPU.ActiveCfg = Debug|Any CPU
		{276AE712-5F67-4E71-845C-152154F159F7}.Debug|Any CPU.Build.0 = Debug|Any CPU
		{276AE712-5F67-4E71-845C-152154F159F7}.Release|Any CPU.ActiveCfg = Release|Any CPU
		{276AE712-5F67-4E71-845C-152154F159F7}.Release|Any CPU.Build.0 = Release|Any CPU
		{23865F27-1AE5-4C03-A767-9F1B20345172}.Debug|Any CPU.ActiveCfg = Debug|Any CPU
		{23865F27-1AE5-4C03-A767-9F1B20345172}.Debug|Any CPU.Build.0 = Debug|Any CPU
		{23865F27-1AE5-4C03-A767-9F1B20345172}.Release|Any CPU.ActiveCfg = Release|Any CPU
		{23865F27-1AE5-4C03-A767-9F1B20345172}.Release|Any CPU.Build.0 = Release|Any CPU
		{45E0D0B8-DCF5-4918-80C5-700684272115}.Debug|Any CPU.ActiveCfg = Debug|Any CPU
		{45E0D0B8-DCF5-4918-80C5-700684272115}.Debug|Any CPU.Build.0 = Debug|Any CPU
		{45E0D0B8-DCF5-4918-80C5-700684272115}.Release|Any CPU.ActiveCfg = Release|Any CPU
		{45E0D0B8-DCF5-4918-80C5-700684272115}.Release|Any CPU.Build.0 = Release|Any CPU
		{990DBE64-482C-434C-9C6D-73E96529DDB4}.Debug|Any CPU.ActiveCfg = Debug|Any CPU
		{990DBE64-482C-434C-9C6D-73E96529DDB4}.Debug|Any CPU.Build.0 = Debug|Any CPU
		{990DBE64-482C-434C-9C6D-73E96529DDB4}.Release|Any CPU.ActiveCfg = Release|Any CPU
		{990DBE64-482C-434C-9C6D-73E96529DDB4}.Release|Any CPU.Build.0 = Release|Any CPU
		{498F90E9-68C4-4AAF-9EE9-97CC2AD26C5D}.Debug|Any CPU.ActiveCfg = Debug|Any CPU
		{498F90E9-68C4-4AAF-9EE9-97CC2AD26C5D}.Debug|Any CPU.Build.0 = Debug|Any CPU
		{498F90E9-68C4-4AAF-9EE9-97CC2AD26C5D}.Release|Any CPU.ActiveCfg = Release|Any CPU
		{498F90E9-68C4-4AAF-9EE9-97CC2AD26C5D}.Release|Any CPU.Build.0 = Release|Any CPU
		{36B21CEA-F4C7-4F14-AF98-D243F8DD2516}.Debug|Any CPU.ActiveCfg = Debug|Any CPU
		{36B21CEA-F4C7-4F14-AF98-D243F8DD2516}.Debug|Any CPU.Build.0 = Debug|Any CPU
		{36B21CEA-F4C7-4F14-AF98-D243F8DD2516}.Release|Any CPU.ActiveCfg = Release|Any CPU
		{36B21CEA-F4C7-4F14-AF98-D243F8DD2516}.Release|Any CPU.Build.0 = Release|Any CPU
		{F396C040-F880-49AA-81C0-93308CD8E016}.Debug|Any CPU.ActiveCfg = Debug|Any CPU
		{F396C040-F880-49AA-81C0-93308CD8E016}.Debug|Any CPU.Build.0 = Debug|Any CPU
		{F396C040-F880-49AA-81C0-93308CD8E016}.Release|Any CPU.ActiveCfg = Release|Any CPU
		{F396C040-F880-49AA-81C0-93308CD8E016}.Release|Any CPU.Build.0 = Release|Any CPU
		{3D1B4B5C-EADD-4C95-916C-B1A812618B75}.Debug|Any CPU.ActiveCfg = Debug|Any CPU
		{3D1B4B5C-EADD-4C95-916C-B1A812618B75}.Debug|Any CPU.Build.0 = Debug|Any CPU
		{3D1B4B5C-EADD-4C95-916C-B1A812618B75}.Release|Any CPU.ActiveCfg = Release|Any CPU
		{3D1B4B5C-EADD-4C95-916C-B1A812618B75}.Release|Any CPU.Build.0 = Release|Any CPU
		{9BE87C47-D8DC-4B5A-96F5-E24F50052BC6}.Debug|Any CPU.ActiveCfg = Debug|Any CPU
		{9BE87C47-D8DC-4B5A-96F5-E24F50052BC6}.Debug|Any CPU.Build.0 = Debug|Any CPU
		{9BE87C47-D8DC-4B5A-96F5-E24F50052BC6}.Release|Any CPU.ActiveCfg = Release|Any CPU
		{9BE87C47-D8DC-4B5A-96F5-E24F50052BC6}.Release|Any CPU.Build.0 = Release|Any CPU
		{5EAA01FD-9D6F-4BED-85EF-7891BA4D30BA}.Debug|Any CPU.ActiveCfg = Debug|Any CPU
		{5EAA01FD-9D6F-4BED-85EF-7891BA4D30BA}.Debug|Any CPU.Build.0 = Debug|Any CPU
		{5EAA01FD-9D6F-4BED-85EF-7891BA4D30BA}.Release|Any CPU.ActiveCfg = Release|Any CPU
		{5EAA01FD-9D6F-4BED-85EF-7891BA4D30BA}.Release|Any CPU.Build.0 = Release|Any CPU
		{BA3EF7EE-E0B0-4399-8B3E-570D2D0D5BA4}.Debug|Any CPU.ActiveCfg = Debug|Any CPU
		{BA3EF7EE-E0B0-4399-8B3E-570D2D0D5BA4}.Debug|Any CPU.Build.0 = Debug|Any CPU
		{BA3EF7EE-E0B0-4399-8B3E-570D2D0D5BA4}.Release|Any CPU.ActiveCfg = Release|Any CPU
		{BA3EF7EE-E0B0-4399-8B3E-570D2D0D5BA4}.Release|Any CPU.Build.0 = Release|Any CPU
		{1C1B6DE1-0411-450D-9EE5-CFFE614A0038}.Debug|Any CPU.ActiveCfg = Debug|Any CPU
		{1C1B6DE1-0411-450D-9EE5-CFFE614A0038}.Debug|Any CPU.Build.0 = Debug|Any CPU
		{1C1B6DE1-0411-450D-9EE5-CFFE614A0038}.Release|Any CPU.ActiveCfg = Release|Any CPU
		{1C1B6DE1-0411-450D-9EE5-CFFE614A0038}.Release|Any CPU.Build.0 = Release|Any CPU
		{65E1E208-E088-4FBB-8DCA-021D24797DBF}.Debug|Any CPU.ActiveCfg = Debug|Any CPU
		{65E1E208-E088-4FBB-8DCA-021D24797DBF}.Debug|Any CPU.Build.0 = Debug|Any CPU
		{65E1E208-E088-4FBB-8DCA-021D24797DBF}.Release|Any CPU.ActiveCfg = Release|Any CPU
		{65E1E208-E088-4FBB-8DCA-021D24797DBF}.Release|Any CPU.Build.0 = Release|Any CPU
		{CF4E674E-D2D9-4E5B-BF3A-78ED52596752}.Debug|Any CPU.ActiveCfg = Debug|Any CPU
		{CF4E674E-D2D9-4E5B-BF3A-78ED52596752}.Debug|Any CPU.Build.0 = Debug|Any CPU
		{CF4E674E-D2D9-4E5B-BF3A-78ED52596752}.Release|Any CPU.ActiveCfg = Release|Any CPU
		{CF4E674E-D2D9-4E5B-BF3A-78ED52596752}.Release|Any CPU.Build.0 = Release|Any CPU
		{1C141133-5640-4E56-BD07-CF6EADD84A07}.Debug|Any CPU.ActiveCfg = Debug|Any CPU
		{1C141133-5640-4E56-BD07-CF6EADD84A07}.Debug|Any CPU.Build.0 = Debug|Any CPU
		{1C141133-5640-4E56-BD07-CF6EADD84A07}.Release|Any CPU.ActiveCfg = Release|Any CPU
		{1C141133-5640-4E56-BD07-CF6EADD84A07}.Release|Any CPU.Build.0 = Release|Any CPU
		{894AEB39-5F14-4F92-8465-F07FE5D929D8}.Debug|Any CPU.ActiveCfg = Debug|Any CPU
		{894AEB39-5F14-4F92-8465-F07FE5D929D8}.Debug|Any CPU.Build.0 = Debug|Any CPU
		{894AEB39-5F14-4F92-8465-F07FE5D929D8}.Release|Any CPU.ActiveCfg = Release|Any CPU
		{894AEB39-5F14-4F92-8465-F07FE5D929D8}.Release|Any CPU.Build.0 = Release|Any CPU
		{93CD8A80-E6C7-487F-B445-5D701C3D4673}.Debug|Any CPU.ActiveCfg = Debug|Any CPU
		{93CD8A80-E6C7-487F-B445-5D701C3D4673}.Debug|Any CPU.Build.0 = Debug|Any CPU
		{93CD8A80-E6C7-487F-B445-5D701C3D4673}.Release|Any CPU.ActiveCfg = Release|Any CPU
		{93CD8A80-E6C7-487F-B445-5D701C3D4673}.Release|Any CPU.Build.0 = Release|Any CPU
		{2BCF4848-888B-4267-8E18-E7D378668CFF}.Debug|Any CPU.ActiveCfg = Debug|Any CPU
		{2BCF4848-888B-4267-8E18-E7D378668CFF}.Debug|Any CPU.Build.0 = Debug|Any CPU
		{2BCF4848-888B-4267-8E18-E7D378668CFF}.Release|Any CPU.ActiveCfg = Release|Any CPU
		{2BCF4848-888B-4267-8E18-E7D378668CFF}.Release|Any CPU.Build.0 = Release|Any CPU
		{F4E7B526-C1C0-4BA3-81E0-4D8124C51BDA}.Debug|Any CPU.ActiveCfg = Debug|Any CPU
		{F4E7B526-C1C0-4BA3-81E0-4D8124C51BDA}.Debug|Any CPU.Build.0 = Debug|Any CPU
		{F4E7B526-C1C0-4BA3-81E0-4D8124C51BDA}.Release|Any CPU.ActiveCfg = Release|Any CPU
		{F4E7B526-C1C0-4BA3-81E0-4D8124C51BDA}.Release|Any CPU.Build.0 = Release|Any CPU
		{DCD66D55-B64E-4B3B-A285-91BE719FD165}.Debug|Any CPU.ActiveCfg = Debug|Any CPU
		{DCD66D55-B64E-4B3B-A285-91BE719FD165}.Debug|Any CPU.Build.0 = Debug|Any CPU
		{DCD66D55-B64E-4B3B-A285-91BE719FD165}.Release|Any CPU.ActiveCfg = Release|Any CPU
		{DCD66D55-B64E-4B3B-A285-91BE719FD165}.Release|Any CPU.Build.0 = Release|Any CPU
	EndGlobalSection
	GlobalSection(SolutionProperties) = preSolution
		HideSolutionNode = FALSE
	EndGlobalSection
EndGlobal
